PODS:
  - Alamofire (5.6.0)
  - BloctoSDK/Core (0.1.0)
  - BloctoSDK/Solana (0.1.0):
    - BloctoSDK/Core
    - Moya (~> 15.0)
    - RxSwift (~> 6.0)
    - SolanaWeb3 (~> 0.0.4)
  - BloctoSDK/Wallet (0.1.0):
    - BloctoSDK/Core
  - CryptoSwift (1.5.1)
  - Firebase/AppDistribution (8.15.0):
    - Firebase/CoreOnly
    - FirebaseAppDistribution (~> 8.15.0-beta)
  - Firebase/CoreOnly (8.15.0):
    - FirebaseCore (= 8.15.0)
  - FirebaseAppDistribution (8.15.0-beta):
    - FirebaseCore (~> 8.0)
    - FirebaseInstallations (~> 8.0)
    - GoogleDataTransport (~> 9.1)
    - GoogleUtilities/AppDelegateSwizzler (~> 7.7)
    - GoogleUtilities/UserDefaults (~> 7.7)
  - FirebaseCore (8.15.0):
    - FirebaseCoreDiagnostics (~> 8.0)
    - GoogleUtilities/Environment (~> 7.7)
    - GoogleUtilities/Logger (~> 7.7)
  - FirebaseCoreDiagnostics (8.15.0):
    - GoogleDataTransport (~> 9.1)
    - GoogleUtilities/Environment (~> 7.7)
    - GoogleUtilities/Logger (~> 7.7)
    - nanopb (~> 2.30908.0)
  - FirebaseInstallations (8.15.0):
    - FirebaseCore (~> 8.0)
    - GoogleUtilities/Environment (~> 7.7)
    - GoogleUtilities/UserDefaults (~> 7.7)
    - PromisesObjC (< 3.0, >= 1.2)
  - GoogleDataTransport (9.1.2):
    - GoogleUtilities/Environment (~> 7.2)
    - nanopb (~> 2.30908.0)
    - PromisesObjC (< 3.0, >= 1.2)
  - GoogleUtilities/AppDelegateSwizzler (7.7.0):
    - GoogleUtilities/Environment
    - GoogleUtilities/Logger
    - GoogleUtilities/Network
  - GoogleUtilities/Environment (7.7.0):
    - PromisesObjC (< 3.0, >= 1.2)
  - GoogleUtilities/Logger (7.7.0):
    - GoogleUtilities/Environment
  - GoogleUtilities/Network (7.7.0):
    - GoogleUtilities/Logger
    - "GoogleUtilities/NSData+zlib"
    - GoogleUtilities/Reachability
  - "GoogleUtilities/NSData+zlib (7.7.0)"
  - GoogleUtilities/Reachability (7.7.0):
    - GoogleUtilities/Logger
  - GoogleUtilities/UserDefaults (7.7.0):
    - GoogleUtilities/Logger
  - Moya (15.0.0):
    - Moya/Core (= 15.0.0)
  - Moya/Core (15.0.0):
    - Alamofire (~> 5.0)
  - nanopb (2.30908.0):
    - nanopb/decode (= 2.30908.0)
    - nanopb/encode (= 2.30908.0)
  - nanopb/decode (2.30908.0)
  - nanopb/encode (2.30908.0)
  - PromisesObjC (2.1.0)
  - Runtime (2.2.2)
  - RxCocoa (6.2.0):
    - RxRelay (= 6.2.0)
    - RxSwift (= 6.2.0)
  - RxRelay (6.2.0):
    - RxSwift (= 6.2.0)
  - RxSwift (6.2.0)
  - SnapKit (5.0.1)
  - SolanaWeb3 (0.0.4):
    - Alamofire (~> 5.5)
    - CryptoSwift (~> 1.4)
    - Runtime (~> 2.2)
    - TweetNacl
  - TweetNacl (1.0.2)

DEPENDENCIES:
  - BloctoSDK/Solana (from `../`)
  - BloctoSDK/Wallet (from `../`)
  - Firebase/AppDistribution
  - RxCocoa
  - RxSwift
  - SnapKit
  - SolanaWeb3 (from `https://github.com/portto/solana-web3.swift.git`)

SPEC REPOS:
  trunk:
    - Alamofire
    - CryptoSwift
    - Firebase
    - FirebaseAppDistribution
    - FirebaseCore
    - FirebaseCoreDiagnostics
    - FirebaseInstallations
    - GoogleDataTransport
    - GoogleUtilities
    - Moya
    - nanopb
    - PromisesObjC
    - Runtime
    - RxCocoa
    - RxRelay
    - RxSwift
    - SnapKit
    - TweetNacl

EXTERNAL SOURCES:
  BloctoSDK:
    :path: "../"
  SolanaWeb3:
    :git: https://github.com/portto/solana-web3.swift.git

CHECKOUT OPTIONS:
  SolanaWeb3:
    :commit: 9f430df4ce564d900e41da37821d555b2e644b62
    :git: https://github.com/portto/solana-web3.swift.git

SPEC CHECKSUMS:
  Alamofire: 0c07058209f211e3d32824f8e0766d7c44ac83b3
  BloctoSDK: f8ee22ccdb6e858bb9bef8219d92032ef55e6102
  CryptoSwift: c4f2debceb38bf44c80659afe009f71e23e4a082
  Firebase: 5f8193dff4b5b7c5d5ef72ae54bb76c08e2b841d
  FirebaseAppDistribution: 4ea6cc3be04de46053579ccef71c4ca64c08cf86
  FirebaseCore: 5743c5785c074a794d35f2fff7ecc254a91e08b1
  FirebaseCoreDiagnostics: 92e07a649aeb66352b319d43bdd2ee3942af84cb
  FirebaseInstallations: 40bd9054049b2eae9a2c38ef1c3dd213df3605cd
  GoogleDataTransport: 629c20a4d363167143f30ea78320d5a7eb8bd940
  GoogleUtilities: e0913149f6b0625b553d70dae12b49fc62914fd1
  Moya: 138f0573e53411fb3dc17016add0b748dfbd78ee
  nanopb: a0ba3315591a9ae0a16a309ee504766e90db0c96
  PromisesObjC: 99b6f43f9e1044bd87a95a60beff28c2c44ddb72
  Runtime: 67741bd196fb4ad821c4d259ccc527bf734d8806
  RxCocoa: 4baf94bb35f2c0ab31bc0cb9f1900155f646ba42
  RxRelay: e72dbfd157807478401ef1982e1c61c945c94b2f
  RxSwift: d356ab7bee873611322f134c5f9ef379fa183d8f
  SnapKit: 97b92857e3df3a0c71833cce143274bf6ef8e5eb
  SolanaWeb3: 518d1fddf72ac8e0f76dd19a01d90079edb5da47
  TweetNacl: 3abf4d1d2082b0114e7a67410e300892448951e6

PODFILE CHECKSUM: 4bce8bafce6c72f3ab74a56aa508211a0ead695b

COCOAPODS: 1.11.3
