PODS:
  - Alamofire (5.6.0)
  - BloctoSDK/Core (0.1.0)
  - BloctoSDK/Solana (0.1.0):
    - BloctoSDK/Core
    - Moya (~> 15.0)
    - RxSwift (~> 6.0)
    - SolanaWeb3 (~> 0.0.4)
  - BloctoSDK/Wallet (0.1.0):
    - BloctoSDK/Core
  - CryptoSwift (1.5.1)
  - Moya (15.0.0):
    - Moya/Core (= 15.0.0)
  - Moya/Core (15.0.0):
    - Alamofire (~> 5.0)
  - Runtime (2.2.2)
  - RxCocoa (6.2.0):
    - RxRelay (= 6.2.0)
    - RxSwift (= 6.2.0)
  - RxRelay (6.2.0):
    - RxSwift (= 6.2.0)
  - RxSwift (6.2.0)
  - SnapKit (5.0.1)
  - SolanaWeb3 (0.0.4):
    - Alamofire (~> 5.5)
    - CryptoSwift (~> 1.4)
    - Runtime (~> 2.2)
    - TweetNacl
  - TweetNacl (1.0.2)

DEPENDENCIES:
  - BloctoSDK/Solana (from `../`)
  - BloctoSDK/Wallet (from `../`)
  - RxCocoa
  - RxSwift
  - SnapKit
  - SolanaWeb3 (from `https://github.com/portto/solana-web3.swift.git`)

SPEC REPOS:
  trunk:
    - Alamofire
    - CryptoSwift
    - Moya
    - Runtime
    - RxCocoa
    - RxRelay
    - RxSwift
    - SnapKit
    - TweetNacl

EXTERNAL SOURCES:
  BloctoSDK:
    :path: "../"
  SolanaWeb3:
    :git: https://github.com/portto/solana-web3.swift.git

CHECKOUT OPTIONS:
  SolanaWeb3:
    :commit: 9f430df4ce564d900e41da37821d555b2e644b62
    :git: https://github.com/portto/solana-web3.swift.git

SPEC CHECKSUMS:
  Alamofire: 0c07058209f211e3d32824f8e0766d7c44ac83b3
  BloctoSDK: f8ee22ccdb6e858bb9bef8219d92032ef55e6102
  CryptoSwift: c4f2debceb38bf44c80659afe009f71e23e4a082
  Moya: 138f0573e53411fb3dc17016add0b748dfbd78ee
  Runtime: 67741bd196fb4ad821c4d259ccc527bf734d8806
  RxCocoa: 4baf94bb35f2c0ab31bc0cb9f1900155f646ba42
  RxRelay: e72dbfd157807478401ef1982e1c61c945c94b2f
  RxSwift: d356ab7bee873611322f134c5f9ef379fa183d8f
  SnapKit: 97b92857e3df3a0c71833cce143274bf6ef8e5eb
  SolanaWeb3: 518d1fddf72ac8e0f76dd19a01d90079edb5da47
  TweetNacl: 3abf4d1d2082b0114e7a67410e300892448951e6

PODFILE CHECKSUM: 1c6ddf7b81ceb4a17864667b275d852df2275034

COCOAPODS: 1.11.3
